{
  "lockfileVersion": 1,
  "configVersion": 1,
  "workspaces": {
    "": {
      "name": "ts-spell-check-monorepo",
      "devDependencies": {
        "bun-plugin-dtsx": "^0.9.0",
        "typescript": "^5.8.0",
      },
    },
    "packages/cli": {
      "name": "ts-spell-check-cli",
      "version": "0.1.0",
      "bin": {
        "spell-check": "./bin/cli.ts",
      },
      "dependencies": {
        "@stacksjs/clapp": "^0.2.0",
        "ts-spell-check": "workspace:*",
      },
    },
    "packages/core": {
      "name": "ts-spell-check",
      "version": "0.1.0",
    },
    "packages/pickier-plugin": {
      "name": "ts-spell-check-pickier",
      "version": "0.1.0",
      "dependencies": {
        "ts-spell-check": "workspace:*",
      },
      "peerDependencies": {
        "pickier": ">=0.1.0",
      },
    },
    "packages/vscode": {
      "name": "ts-spell-check-vscode",
      "version": "0.1.0",
      "dependencies": {
        "ts-spell-check": "workspace:*",
      },
      "devDependencies": {
        "@types/vscode": "^1.85.0",
      },
    },
  },
  "packages": {
    "@stacksjs/clapp": ["@stacksjs/clapp@0.2.0", "", { "dependencies": { "mri": "^1.2.0", "wrap-ansi": "^9.0.0" }, "bin": { "clapp": "dist/bin/cli.js", "@stacksjs/clapp": "dist/bin/cli.js" } }, "sha512-dSqnbeZjXnQLLvVxC5NU7D9Vpjxc6cC9Bo2ZwaqjgruK7pbVoFCI0goc9Mtf/lfSTbTx6Uvv/mbY7+cOW/j3Og=="],

    "@stacksjs/dtsx": ["@stacksjs/dtsx@0.9.13", "", { "dependencies": { "@stacksjs/clapp": "^0.2.0" }, "peerDependencies": { "typescript": ">=5.9.3" }, "bin": { "dtsx": "./dist/bin/cli.js" } }, "sha512-2/UvcKgRYuuY70q1SOMp/7Tj2eXBg8SOV7dvWAndyVyyukZiczR4kPkSxI6eTdJDVpe4MfEL0pPNlpBBtKrhIw=="],

    "@types/vscode": ["@types/vscode@1.110.0", "", {}, "sha512-AGuxUEpU4F4mfuQjxPPaQVyuOMhs+VT/xRok1jiHVBubHK7lBRvCuOMZG0LKUwxncrPorJ5qq/uil3IdZBd5lA=="],

    "ansi-regex": ["ansi-regex@6.2.2", "", {}, "sha512-Bq3SmSpyFHaWjPk8If9yc6svM8c56dB5BAtW4Qbw5jHTwwXXcTLoRMkpDJp6VL0XzlWaCHTXrkFURMYmD0sLqg=="],

    "ansi-styles": ["ansi-styles@6.2.3", "", {}, "sha512-4Dj6M28JB+oAH8kFkTLUo+a2jwOFkuqb3yucU0CANcRRUbxS0cP0nZYCGjcc3BNXwRIsUVmDGgzawme7zvJHvg=="],

    "bun-plugin-dtsx": ["bun-plugin-dtsx@0.9.13", "", { "dependencies": { "@stacksjs/dtsx": "0.9.13" } }, "sha512-CRiQ6uqrl8n2ZE8saZrZNYnSp+kMkAwHAUV+sf4io0IAxbZAOf+thO0miOs70urI3oCyp1DM/0K+4pitUeL90g=="],

    "emoji-regex": ["emoji-regex@10.6.0", "", {}, "sha512-toUI84YS5YmxW219erniWD0CIVOo46xGKColeNQRgOzDorgBi1v4D71/OFzgD9GO2UGKIv1C3Sp8DAn0+j5w7A=="],

    "fdir": ["fdir@6.5.0", "", { "peerDependencies": { "picomatch": "^3 || ^4" }, "optionalPeers": ["picomatch"] }, "sha512-tIbYtZbucOs0BRGqPJkshJUYdL+SDH7dVM8gjy+ERp3WAUjLEFJE+02kanyHtwjWOnwrKYBiwAmM0p4kLJAnXg=="],

    "get-east-asian-width": ["get-east-asian-width@1.5.0", "", {}, "sha512-CQ+bEO+Tva/qlmw24dCejulK5pMzVnUOFOijVogd3KQs07HnRIgp8TGipvCCRT06xeYEbpbgwaCxglFyiuIcmA=="],

    "mri": ["mri@1.2.0", "", {}, "sha512-tzzskb3bG8LvYGFF/mDTpq3jpI6Q9wc3LEmBaghu+DdCssd1FakN7Bc0hVNmEyGq1bq3RgfkCb3cmQLpNPOroA=="],

    "p-limit": ["p-limit@7.3.0", "", { "dependencies": { "yocto-queue": "^1.2.1" } }, "sha512-7cIXg/Z0M5WZRblrsOla88S4wAK+zOQQWeBYfV3qJuJXMr+LnbYjaadrFaS0JILfEDPVqHyKnZ1Z/1d6J9VVUw=="],

    "pickier": ["pickier@0.1.20", "", { "dependencies": { "@stacksjs/clapp": "^0.2.0", "p-limit": "^7.2.0", "tinyglobby": "^0.2.15" }, "bin": { "pickier": "./dist/bin/cli.js" } }, "sha512-IC95MIW4hv4/b64HMQjv/VbtvTMUz2uX7qqqcJwaAg5fJecETSx/fZLVoFSeGAEtpzADW5n09BevV4XErNzgLg=="],

    "picomatch": ["picomatch@4.0.4", "", {}, "sha512-QP88BAKvMam/3NxH6vj2o21R6MjxZUAd6nlwAS/pnGvN9IVLocLHxGYIzFhg6fUQ+5th6P4dv4eW9jX3DSIj7A=="],

    "string-width": ["string-width@7.2.0", "", { "dependencies": { "emoji-regex": "^10.3.0", "get-east-asian-width": "^1.0.0", "strip-ansi": "^7.1.0" } }, "sha512-tsaTIkKW9b4N+AEj+SVA+WhJzV7/zMhcSu78mLKWSk7cXMOSHsBKFWUs0fWwq8QyK3MgJBQRX6Gbi4kYbdvGkQ=="],

    "strip-ansi": ["strip-ansi@7.2.0", "", { "dependencies": { "ansi-regex": "^6.2.2" } }, "sha512-yDPMNjp4WyfYBkHnjIRLfca1i6KMyGCtsVgoKe/z1+6vukgaENdgGBZt+ZmKPc4gavvEZ5OgHfHdrazhgNyG7w=="],

    "tinyglobby": ["tinyglobby@0.2.15", "", { "dependencies": { "fdir": "^6.5.0", "picomatch": "^4.0.3" } }, "sha512-j2Zq4NyQYG5XMST4cbs02Ak8iJUdxRM0XI5QyxXuZOzKOINmWurp3smXu3y5wDcJrptwpSjgXHzIQxR0omXljQ=="],

    "ts-spell-check": ["ts-spell-check@workspace:packages/core"],

    "ts-spell-check-cli": ["ts-spell-check-cli@workspace:packages/cli"],

    "ts-spell-check-pickier": ["ts-spell-check-pickier@workspace:packages/pickier-plugin"],

    "ts-spell-check-vscode": ["ts-spell-check-vscode@workspace:packages/vscode"],

    "typescript": ["typescript@5.9.3", "", { "bin": { "tsc": "bin/tsc", "tsserver": "bin/tsserver" } }, "sha512-jl1vZzPDinLr9eUt3J/t7V6FgNEw9QjvBPdysz9KfQDD41fQrC2Y4vKQdiaUpFT4bXlb1RHhLpp8wtm6M5TgSw=="],

    "wrap-ansi": ["wrap-ansi@9.0.2", "", { "dependencies": { "ansi-styles": "^6.2.1", "string-width": "^7.0.0", "strip-ansi": "^7.1.0" } }, "sha512-42AtmgqjV+X1VpdOfyTGOYRi0/zsoLqtXQckTmqTeybT+BDIbM/Guxo7x3pE2vtpr1ok6xRqM9OpBe+Jyoqyww=="],

    "yocto-queue": ["yocto-queue@1.2.2", "", {}, "sha512-4LCcse/U2MHZ63HAJVE+v71o7yOdIe4cZ70Wpf8D/IyjDKYQLV5GD46B+hSTjJsvV5PztjvHoU580EftxjDZFQ=="],
  }
}
